// !$*UTF8*$!
{
	archiveVersion = 1;
	classes = {
	};
	objectVersion = 55;
	objects = {

/* Begin PBXBuildFile section */
		EDAC52D52922CA02007F4984 /* AppDelegate.swift in Sources */ = {isa = PBXBuildFile; fileRef = EDAC52D42922CA02007F4984 /* AppDelegate.swift */; };
		EDAC52D72922CA02007F4984 /* SceneDelegate.swift in Sources */ = {isa = PBXBuildFile; fileRef = EDAC52D62922CA02007F4984 /* SceneDelegate.swift */; };
		EDAC52D92922CA02007F4984 /* ViewController.swift in Sources */ = {isa = PBXBuildFile; fileRef = EDAC52D82922CA02007F4984 /* ViewController.swift */; };
		EDAC52DC2922CA02007F4984 /* Main.storyboard in Resources */ = {isa = PBXBuildFile; fileRef = EDAC52DA2922CA02007F4984 /* Main.storyboard */; };
		EDAC52DF2922CA02007F4984 /* Recipes_APP.xcdatamodeld in Sources */ = {isa = PBXBuildFile; fileRef = EDAC52DD2922CA02007F4984 /* Recipes_APP.xcdatamodeld */; };
		EDAC52E12922CA10007F4984 /* Assets.xcassets in Resources */ = {isa = PBXBuildFile; fileRef = EDAC52E02922CA10007F4984 /* Assets.xcassets */; };
		EDAC52E42922CA10007F4984 /* LaunchScreen.storyboard in Resources */ = {isa = PBXBuildFile; fileRef = EDAC52E22922CA10007F4984 /* LaunchScreen.storyboard */; };
		EDAC52EF2922CA11007F4984 /* Recipes_APPTests.swift in Sources */ = {isa = PBXBuildFile; fileRef = EDAC52EE2922CA11007F4984 /* Recipes_APPTests.swift */; };
		EDAC52F92922CA11007F4984 /* Recipes_APPUITests.swift in Sources */ = {isa = PBXBuildFile; fileRef = EDAC52F82922CA11007F4984 /* Recipes_APPUITests.swift */; };
		EDAC52FB2922CA11007F4984 /* Recipes_APPUITestsLaunchTests.swift in Sources */ = {isa = PBXBuildFile; fileRef = EDAC52FA2922CA11007F4984 /* Recipes_APPUITestsLaunchTests.swift */; };
		EDAC53332922CACF007F4984 /* Constants.swift in Sources */ = {isa = PBXBuildFile; fileRef = EDAC53082922CACF007F4984 /* Constants.swift */; };
		EDAC53342922CAD0007F4984 /* APIClient.swift in Sources */ = {isa = PBXBuildFile; fileRef = EDAC53092922CACF007F4984 /* APIClient.swift */; };
		EDAC53352922CAD0007F4984 /* APIRouter.swift in Sources */ = {isa = PBXBuildFile; fileRef = EDAC530A2922CACF007F4984 /* APIRouter.swift */; };
		EDAC53362922CAD0007F4984 /* API_Get.swift in Sources */ = {isa = PBXBuildFile; fileRef = EDAC530C2922CACF007F4984 /* API_Get.swift */; };
		EDAC53372922CAD0007F4984 /* API_Post.swift in Sources */ = {isa = PBXBuildFile; fileRef = EDAC530D2922CACF007F4984 /* API_Post.swift */; };
		EDAC53382922CAD0007F4984 /* APIClient_Ext.swift in Sources */ = {isa = PBXBuildFile; fileRef = EDAC530E2922CACF007F4984 /* APIClient_Ext.swift */; };
		EDAC53392922CAD0007F4984 /* TotalNutrient.swift in Sources */ = {isa = PBXBuildFile; fileRef = EDAC53102922CACF007F4984 /* TotalNutrient.swift */; };
		EDAC533A2922CAD0007F4984 /* Next.swift in Sources */ = {isa = PBXBuildFile; fileRef = EDAC53112922CACF007F4984 /* Next.swift */; };
		EDAC533B2922CAD0007F4984 /* Recipe.swift in Sources */ = {isa = PBXBuildFile; fileRef = EDAC53122922CACF007F4984 /* Recipe.swift */; };
		EDAC533C2922CAD0007F4984 /* Sub.swift in Sources */ = {isa = PBXBuildFile; fileRef = EDAC53132922CACF007F4984 /* Sub.swift */; };
		EDAC533D2922CAD0007F4984 /* CA.swift in Sources */ = {isa = PBXBuildFile; fileRef = EDAC53142922CACF007F4984 /* CA.swift */; };
		EDAC533E2922CAD0007F4984 /* Recipes_Root.swift in Sources */ = {isa = PBXBuildFile; fileRef = EDAC53152922CACF007F4984 /* Recipes_Root.swift */; };
		EDAC533F2922CAD0007F4984 /* Digest.swift in Sources */ = {isa = PBXBuildFile; fileRef = EDAC53162922CACF007F4984 /* Digest.swift */; };
		EDAC53402922CAD0007F4984 /* LARGE.swift in Sources */ = {isa = PBXBuildFile; fileRef = EDAC53172922CACF007F4984 /* LARGE.swift */; };
		EDAC53412922CAD0007F4984 /* Link.swift in Sources */ = {isa = PBXBuildFile; fileRef = EDAC53182922CACF007F4984 /* Link.swift */; };
		EDAC53422922CAD0007F4984 /* Hit.swift in Sources */ = {isa = PBXBuildFile; fileRef = EDAC53192922CACF007F4984 /* Hit.swift */; };
		EDAC53432922CAD0007F4984 /* Image.swift in Sources */ = {isa = PBXBuildFile; fileRef = EDAC531A2922CACF007F4984 /* Image.swift */; };
		EDAC53442922CAD0007F4984 /* TotalDaily.swift in Sources */ = {isa = PBXBuildFile; fileRef = EDAC531B2922CACF007F4984 /* TotalDaily.swift */; };
		EDAC53452922CAD0007F4984 /* Ingredient.swift in Sources */ = {isa = PBXBuildFile; fileRef = EDAC531C2922CACF007F4984 /* Ingredient.swift */; };
		EDAC53462922CAD0007F4984 /* UIViewXRadialGradient.swift in Sources */ = {isa = PBXBuildFile; fileRef = EDAC53202922CACF007F4984 /* UIViewXRadialGradient.swift */; };
		EDAC53472922CAD0007F4984 /* UITextFieldX.swift in Sources */ = {isa = PBXBuildFile; fileRef = EDAC53212922CACF007F4984 /* UITextFieldX.swift */; };
		EDAC53482922CAD0007F4984 /* UIButtonX.swift in Sources */ = {isa = PBXBuildFile; fileRef = EDAC53222922CACF007F4984 /* UIButtonX.swift */; };
		EDAC53492922CAD0007F4984 /* UILabelX.swift in Sources */ = {isa = PBXBuildFile; fileRef = EDAC53232922CACF007F4984 /* UILabelX.swift */; };
		EDAC534A2922CAD0007F4984 /* UIViewAnchorPoint.swift in Sources */ = {isa = PBXBuildFile; fileRef = EDAC53242922CACF007F4984 /* UIViewAnchorPoint.swift */; };
		EDAC534B2922CAD0007F4984 /* UIViewControllerX.swift in Sources */ = {isa = PBXBuildFile; fileRef = EDAC53252922CACF007F4984 /* UIViewControllerX.swift */; };
		EDAC534C2922CAD0007F4984 /* UIImageViewX.swift in Sources */ = {isa = PBXBuildFile; fileRef = EDAC53262922CACF007F4984 /* UIImageViewX.swift */; };
		EDAC534D2922CAD0007F4984 /* UIViewX.swift in Sources */ = {isa = PBXBuildFile; fileRef = EDAC53272922CACF007F4984 /* UIViewX.swift */; };
		EDAC534E2922CAD0007F4984 /* UIVisualEffectViewX.swift in Sources */ = {isa = PBXBuildFile; fileRef = EDAC53282922CACF007F4984 /* UIVisualEffectViewX.swift */; };
		EDAC534F2922CAD0007F4984 /* UISliderX.swift in Sources */ = {isa = PBXBuildFile; fileRef = EDAC53292922CACF007F4984 /* UISliderX.swift */; };
		EDAC53502922CAD0007F4984 /* NetworkHelper.swift in Sources */ = {isa = PBXBuildFile; fileRef = EDAC532B2922CACF007F4984 /* NetworkHelper.swift */; };
		EDAC53512922CAD0007F4984 /* UIVC_Blur_Ext.swift in Sources */ = {isa = PBXBuildFile; fileRef = EDAC532C2922CACF007F4984 /* UIVC_Blur_Ext.swift */; };
		EDAC53522922CAD0007F4984 /* Result_Error.swift in Sources */ = {isa = PBXBuildFile; fileRef = EDAC532D2922CACF007F4984 /* Result_Error.swift */; };
		EDAC53532922CAD0007F4984 /* Card View.swift in Sources */ = {isa = PBXBuildFile; fileRef = EDAC532E2922CACF007F4984 /* Card View.swift */; };
		EDAC53542922CAD0007F4984 /* UIVC_Alert_Ext.swift in Sources */ = {isa = PBXBuildFile; fileRef = EDAC532F2922CACF007F4984 /* UIVC_Alert_Ext.swift */; };
		EDAC53552922CAD0007F4984 /* Extensions.swift in Sources */ = {isa = PBXBuildFile; fileRef = EDAC53302922CACF007F4984 /* Extensions.swift */; };
		EDAC53562922CAD0007F4984 /* UIImage.swift in Sources */ = {isa = PBXBuildFile; fileRef = EDAC53312922CACF007F4984 /* UIImage.swift */; };
		EDAC53572922CAD0007F4984 /* Reload.swift in Sources */ = {isa = PBXBuildFile; fileRef = EDAC53322922CACF007F4984 /* Reload.swift */; };
		EDAC535B2922CB96007F4984 /* VC+CoreDataProcesses(CRUD).swift in Sources */ = {isa = PBXBuildFile; fileRef = EDAC535A2922CB96007F4984 /* VC+CoreDataProcesses(CRUD).swift */; };
		EDAC53652922CDCB007F4984 /* Router.swift in Sources */ = {isa = PBXBuildFile; fileRef = EDAC535E2922CDCA007F4984 /* Router.swift */; };
		EDAC53662922CDCB007F4984 /* SearchVC+Collection.swift in Sources */ = {isa = PBXBuildFile; fileRef = EDAC535F2922CDCA007F4984 /* SearchVC+Collection.swift */; };
		EDAC53682922CDCB007F4984 /* SearchVC+SearchBarDelegate.swift in Sources */ = {isa = PBXBuildFile; fileRef = EDAC53612922CDCB007F4984 /* SearchVC+SearchBarDelegate.swift */; };
		EDAC53692922CDCB007F4984 /* Interactor.swift in Sources */ = {isa = PBXBuildFile; fileRef = EDAC53622922CDCB007F4984 /* Interactor.swift */; };
		EDAC536A2922CDCB007F4984 /* SearchVC.swift in Sources */ = {isa = PBXBuildFile; fileRef = EDAC53632922CDCB007F4984 /* SearchVC.swift */; };
		EDAC536B2922CDCB007F4984 /* Presenter.swift in Sources */ = {isa = PBXBuildFile; fileRef = EDAC53642922CDCB007F4984 /* Presenter.swift */; };
/* End PBXBuildFile section */

/* Begin PBXContainerItemProxy section */
		EDAC52EB2922CA11007F4984 /* PBXContainerItemProxy */ = {
			isa = PBXContainerItemProxy;
			containerPortal = EDAC52C92922CA02007F4984 /* Project object */;
			proxyType = 1;
			remoteGlobalIDString = EDAC52D02922CA02007F4984;
			remoteInfo = Recipes_APP;
		};
		EDAC52F52922CA11007F4984 /* PBXContainerItemProxy */ = {
			isa = PBXContainerItemProxy;
			containerPortal = EDAC52C92922CA02007F4984 /* Project object */;
			proxyType = 1;
			remoteGlobalIDString = EDAC52D02922CA02007F4984;
			remoteInfo = Recipes_APP;
		};
/* End PBXContainerItemProxy section */

/* Begin PBXFileReference section */
		EDAC52D12922CA02007F4984 /* Recipes_APP.app */ = {isa = PBXFileReference; explicitFileType = wrapper.application; includeInIndex = 0; path = Recipes_APP.app; sourceTree = BUILT_PRODUCTS_DIR; };
		EDAC52D42922CA02007F4984 /* AppDelegate.swift */ = {isa = PBXFileReference; lastKnownFileType = sourcecode.swift; path = AppDelegate.swift; sourceTree = "<group>"; };
		EDAC52D62922CA02007F4984 /* SceneDelegate.swift */ = {isa = PBXFileReference; lastKnownFileType = sourcecode.swift; path = SceneDelegate.swift; sourceTree = "<group>"; };
		EDAC52D82922CA02007F4984 /* ViewController.swift */ = {isa = PBXFileReference; lastKnownFileType = sourcecode.swift; path = ViewController.swift; sourceTree = "<group>"; };
		EDAC52DB2922CA02007F4984 /* Base */ = {isa = PBXFileReference; lastKnownFileType = file.storyboard; name = Base; path = Base.lproj/Main.storyboard; sourceTree = "<group>"; };
		EDAC52DE2922CA02007F4984 /* Recipes_APP.xcdatamodel */ = {isa = PBXFileReference; lastKnownFileType = wrapper.xcdatamodel; path = Recipes_APP.xcdatamodel; sourceTree = "<group>"; };
		EDAC52E02922CA10007F4984 /* Assets.xcassets */ = {isa = PBXFileReference; lastKnownFileType = folder.assetcatalog; path = Assets.xcassets; sourceTree = "<group>"; };
		EDAC52E32922CA10007F4984 /* Base */ = {isa = PBXFileReference; lastKnownFileType = file.storyboard; name = Base; path = Base.lproj/LaunchScreen.storyboard; sourceTree = "<group>"; };
		EDAC52E52922CA10007F4984 /* Info.plist */ = {isa = PBXFileReference; lastKnownFileType = text.plist.xml; path = Info.plist; sourceTree = "<group>"; };
		EDAC52EA2922CA11007F4984 /* Recipes_APPTests.xctest */ = {isa = PBXFileReference; explicitFileType = wrapper.cfbundle; includeInIndex = 0; path = Recipes_APPTests.xctest; sourceTree = BUILT_PRODUCTS_DIR; };
		EDAC52EE2922CA11007F4984 /* Recipes_APPTests.swift */ = {isa = PBXFileReference; lastKnownFileType = sourcecode.swift; path = Recipes_APPTests.swift; sourceTree = "<group>"; };
		EDAC52F42922CA11007F4984 /* Recipes_APPUITests.xctest */ = {isa = PBXFileReference; explicitFileType = wrapper.cfbundle; includeInIndex = 0; path = Recipes_APPUITests.xctest; sourceTree = BUILT_PRODUCTS_DIR; };
		EDAC52F82922CA11007F4984 /* Recipes_APPUITests.swift */ = {isa = PBXFileReference; lastKnownFileType = sourcecode.swift; path = Recipes_APPUITests.swift; sourceTree = "<group>"; };
		EDAC52FA2922CA11007F4984 /* Recipes_APPUITestsLaunchTests.swift */ = {isa = PBXFileReference; lastKnownFileType = sourcecode.swift; path = Recipes_APPUITestsLaunchTests.swift; sourceTree = "<group>"; };
		EDAC53082922CACF007F4984 /* Constants.swift */ = {isa = PBXFileReference; fileEncoding = 4; lastKnownFileType = sourcecode.swift; path = Constants.swift; sourceTree = "<group>"; };
		EDAC53092922CACF007F4984 /* APIClient.swift */ = {isa = PBXFileReference; fileEncoding = 4; lastKnownFileType = sourcecode.swift; path = APIClient.swift; sourceTree = "<group>"; };
		EDAC530A2922CACF007F4984 /* APIRouter.swift */ = {isa = PBXFileReference; fileEncoding = 4; lastKnownFileType = sourcecode.swift; path = APIRouter.swift; sourceTree = "<group>"; };
		EDAC530C2922CACF007F4984 /* API_Get.swift */ = {isa = PBXFileReference; fileEncoding = 4; lastKnownFileType = sourcecode.swift; path = API_Get.swift; sourceTree = "<group>"; };
		EDAC530D2922CACF007F4984 /* API_Post.swift */ = {isa = PBXFileReference; fileEncoding = 4; lastKnownFileType = sourcecode.swift; path = API_Post.swift; sourceTree = "<group>"; };
		EDAC530E2922CACF007F4984 /* APIClient_Ext.swift */ = {isa = PBXFileReference; fileEncoding = 4; lastKnownFileType = sourcecode.swift; path = APIClient_Ext.swift; sourceTree = "<group>"; };
		EDAC53102922CACF007F4984 /* TotalNutrient.swift */ = {isa = PBXFileReference; fileEncoding = 4; lastKnownFileType = sourcecode.swift; path = TotalNutrient.swift; sourceTree = "<group>"; };
		EDAC53112922CACF007F4984 /* Next.swift */ = {isa = PBXFileReference; fileEncoding = 4; lastKnownFileType = sourcecode.swift; path = Next.swift; sourceTree = "<group>"; };
		EDAC53122922CACF007F4984 /* Recipe.swift */ = {isa = PBXFileReference; fileEncoding = 4; lastKnownFileType = sourcecode.swift; path = Recipe.swift; sourceTree = "<group>"; };
		EDAC53132922CACF007F4984 /* Sub.swift */ = {isa = PBXFileReference; fileEncoding = 4; lastKnownFileType = sourcecode.swift; path = Sub.swift; sourceTree = "<group>"; };
		EDAC53142922CACF007F4984 /* CA.swift */ = {isa = PBXFileReference; fileEncoding = 4; lastKnownFileType = sourcecode.swift; path = CA.swift; sourceTree = "<group>"; };
		EDAC53152922CACF007F4984 /* Recipes_Root.swift */ = {isa = PBXFileReference; fileEncoding = 4; lastKnownFileType = sourcecode.swift; path = Recipes_Root.swift; sourceTree = "<group>"; };
		EDAC53162922CACF007F4984 /* Digest.swift */ = {isa = PBXFileReference; fileEncoding = 4; lastKnownFileType = sourcecode.swift; path = Digest.swift; sourceTree = "<group>"; };
		EDAC53172922CACF007F4984 /* LARGE.swift */ = {isa = PBXFileReference; fileEncoding = 4; lastKnownFileType = sourcecode.swift; path = LARGE.swift; sourceTree = "<group>"; };
		EDAC53182922CACF007F4984 /* Link.swift */ = {isa = PBXFileReference; fileEncoding = 4; lastKnownFileType = sourcecode.swift; path = Link.swift; sourceTree = "<group>"; };
		EDAC53192922CACF007F4984 /* Hit.swift */ = {isa = PBXFileReference; fileEncoding = 4; lastKnownFileType = sourcecode.swift; path = Hit.swift; sourceTree = "<group>"; };
		EDAC531A2922CACF007F4984 /* Image.swift */ = {isa = PBXFileReference; fileEncoding = 4; lastKnownFileType = sourcecode.swift; path = Image.swift; sourceTree = "<group>"; };
		EDAC531B2922CACF007F4984 /* TotalDaily.swift */ = {isa = PBXFileReference; fileEncoding = 4; lastKnownFileType = sourcecode.swift; path = TotalDaily.swift; sourceTree = "<group>"; };
		EDAC531C2922CACF007F4984 /* Ingredient.swift */ = {isa = PBXFileReference; fileEncoding = 4; lastKnownFileType = sourcecode.swift; path = Ingredient.swift; sourceTree = "<group>"; };
		EDAC531E2922CACF007F4984 /* Header.h */ = {isa = PBXFileReference; fileEncoding = 4; lastKnownFileType = sourcecode.c.h; path = Header.h; sourceTree = "<group>"; };
		EDAC53202922CACF007F4984 /* UIViewXRadialGradient.swift */ = {isa = PBXFileReference; fileEncoding = 4; lastKnownFileType = sourcecode.swift; path = UIViewXRadialGradient.swift; sourceTree = "<group>"; };
		EDAC53212922CACF007F4984 /* UITextFieldX.swift */ = {isa = PBXFileReference; fileEncoding = 4; lastKnownFileType = sourcecode.swift; path = UITextFieldX.swift; sourceTree = "<group>"; };
		EDAC53222922CACF007F4984 /* UIButtonX.swift */ = {isa = PBXFileReference; fileEncoding = 4; lastKnownFileType = sourcecode.swift; path = UIButtonX.swift; sourceTree = "<group>"; };
		EDAC53232922CACF007F4984 /* UILabelX.swift */ = {isa = PBXFileReference; fileEncoding = 4; lastKnownFileType = sourcecode.swift; path = UILabelX.swift; sourceTree = "<group>"; };
		EDAC53242922CACF007F4984 /* UIViewAnchorPoint.swift */ = {isa = PBXFileReference; fileEncoding = 4; lastKnownFileType = sourcecode.swift; path = UIViewAnchorPoint.swift; sourceTree = "<group>"; };
		EDAC53252922CACF007F4984 /* UIViewControllerX.swift */ = {isa = PBXFileReference; fileEncoding = 4; lastKnownFileType = sourcecode.swift; path = UIViewControllerX.swift; sourceTree = "<group>"; };
		EDAC53262922CACF007F4984 /* UIImageViewX.swift */ = {isa = PBXFileReference; fileEncoding = 4; lastKnownFileType = sourcecode.swift; path = UIImageViewX.swift; sourceTree = "<group>"; };
		EDAC53272922CACF007F4984 /* UIViewX.swift */ = {isa = PBXFileReference; fileEncoding = 4; lastKnownFileType = sourcecode.swift; path = UIViewX.swift; sourceTree = "<group>"; };
		EDAC53282922CACF007F4984 /* UIVisualEffectViewX.swift */ = {isa = PBXFileReference; fileEncoding = 4; lastKnownFileType = sourcecode.swift; path = UIVisualEffectViewX.swift; sourceTree = "<group>"; };
		EDAC53292922CACF007F4984 /* UISliderX.swift */ = {isa = PBXFileReference; fileEncoding = 4; lastKnownFileType = sourcecode.swift; path = UISliderX.swift; sourceTree = "<group>"; };
		EDAC532B2922CACF007F4984 /* NetworkHelper.swift */ = {isa = PBXFileReference; fileEncoding = 4; lastKnownFileType = sourcecode.swift; path = NetworkHelper.swift; sourceTree = "<group>"; };
		EDAC532C2922CACF007F4984 /* UIVC_Blur_Ext.swift */ = {isa = PBXFileReference; fileEncoding = 4; lastKnownFileType = sourcecode.swift; path = UIVC_Blur_Ext.swift; sourceTree = "<group>"; };
		EDAC532D2922CACF007F4984 /* Result_Error.swift */ = {isa = PBXFileReference; fileEncoding = 4; lastKnownFileType = sourcecode.swift; path = Result_Error.swift; sourceTree = "<group>"; };
		EDAC532E2922CACF007F4984 /* Card View.swift */ = {isa = PBXFileReference; fileEncoding = 4; lastKnownFileType = sourcecode.swift; path = "Card View.swift"; sourceTree = "<group>"; };
		EDAC532F2922CACF007F4984 /* UIVC_Alert_Ext.swift */ = {isa = PBXFileReference; fileEncoding = 4; lastKnownFileType = sourcecode.swift; path = UIVC_Alert_Ext.swift; sourceTree = "<group>"; };
		EDAC53302922CACF007F4984 /* Extensions.swift */ = {isa = PBXFileReference; fileEncoding = 4; lastKnownFileType = sourcecode.swift; path = Extensions.swift; sourceTree = "<group>"; };
		EDAC53312922CACF007F4984 /* UIImage.swift */ = {isa = PBXFileReference; fileEncoding = 4; lastKnownFileType = sourcecode.swift; path = UIImage.swift; sourceTree = "<group>"; };
		EDAC53322922CACF007F4984 /* Reload.swift */ = {isa = PBXFileReference; fileEncoding = 4; lastKnownFileType = sourcecode.swift; path = Reload.swift; sourceTree = "<group>"; };
		EDAC535A2922CB96007F4984 /* VC+CoreDataProcesses(CRUD).swift */ = {isa = PBXFileReference; fileEncoding = 4; lastKnownFileType = sourcecode.swift; path = "VC+CoreDataProcesses(CRUD).swift"; sourceTree = "<group>"; };
		EDAC535E2922CDCA007F4984 /* Router.swift */ = {isa = PBXFileReference; fileEncoding = 4; lastKnownFileType = sourcecode.swift; path = Router.swift; sourceTree = "<group>"; };
		EDAC535F2922CDCA007F4984 /* SearchVC+Collection.swift */ = {isa = PBXFileReference; fileEncoding = 4; lastKnownFileType = sourcecode.swift; path = "SearchVC+Collection.swift"; sourceTree = "<group>"; };
		EDAC53612922CDCB007F4984 /* SearchVC+SearchBarDelegate.swift */ = {isa = PBXFileReference; fileEncoding = 4; lastKnownFileType = sourcecode.swift; path = "SearchVC+SearchBarDelegate.swift"; sourceTree = "<group>"; };
		EDAC53622922CDCB007F4984 /* Interactor.swift */ = {isa = PBXFileReference; fileEncoding = 4; lastKnownFileType = sourcecode.swift; path = Interactor.swift; sourceTree = "<group>"; };
		EDAC53632922CDCB007F4984 /* SearchVC.swift */ = {isa = PBXFileReference; fileEncoding = 4; lastKnownFileType = sourcecode.swift; path = SearchVC.swift; sourceTree = "<group>"; };
		EDAC53642922CDCB007F4984 /* Presenter.swift */ = {isa = PBXFileReference; fileEncoding = 4; lastKnownFileType = sourcecode.swift; path = Presenter.swift; sourceTree = "<group>"; };
/* End PBXFileReference section */

/* Begin PBXFrameworksBuildPhase section */
		EDAC52CE2922CA02007F4984 /* Frameworks */ = {
			isa = PBXFrameworksBuildPhase;
			buildActionMask = 2147483647;
			files = (
			);
			runOnlyForDeploymentPostprocessing = 0;
		};
		EDAC52E72922CA11007F4984 /* Frameworks */ = {
			isa = PBXFrameworksBuildPhase;
			buildActionMask = 2147483647;
			files = (
			);
			runOnlyForDeploymentPostprocessing = 0;
		};
		EDAC52F12922CA11007F4984 /* Frameworks */ = {
			isa = PBXFrameworksBuildPhase;
			buildActionMask = 2147483647;
			files = (
			);
			runOnlyForDeploymentPostprocessing = 0;
		};
/* End PBXFrameworksBuildPhase section */

/* Begin PBXGroup section */
		EDAC52C82922CA02007F4984 = {
			isa = PBXGroup;
			children = (
				EDAC52D32922CA02007F4984 /* Recipes_APP */,
				EDAC52ED2922CA11007F4984 /* Recipes_APPTests */,
				EDAC52F72922CA11007F4984 /* Recipes_APPUITests */,
				EDAC52D22922CA02007F4984 /* Products */,
			);
			sourceTree = "<group>";
		};
		EDAC52D22922CA02007F4984 /* Products */ = {
			isa = PBXGroup;
			children = (
				EDAC52D12922CA02007F4984 /* Recipes_APP.app */,
				EDAC52EA2922CA11007F4984 /* Recipes_APPTests.xctest */,
				EDAC52F42922CA11007F4984 /* Recipes_APPUITests.xctest */,
			);
			name = Products;
			sourceTree = "<group>";
		};
		EDAC52D32922CA02007F4984 /* Recipes_APP */ = {
			isa = PBXGroup;
			children = (
				EDAC53592922CB5D007F4984 /* Scenes */,
				EDAC52D42922CA02007F4984 /* AppDelegate.swift */,
				EDAC52D62922CA02007F4984 /* SceneDelegate.swift */,
				EDAC53072922CACE007F4984 /* API */,
				EDAC532A2922CACF007F4984 /* Helper */,
				EDAC530F2922CACF007F4984 /* Entities */,
				EDAC531D2922CACF007F4984 /* SF */,
				EDAC52D82922CA02007F4984 /* ViewController.swift */,
				EDAC52DA2922CA02007F4984 /* Main.storyboard */,
				EDAC52E02922CA10007F4984 /* Assets.xcassets */,
				EDAC52E22922CA10007F4984 /* LaunchScreen.storyboard */,
				EDAC52E52922CA10007F4984 /* Info.plist */,
				EDAC52DD2922CA02007F4984 /* Recipes_APP.xcdatamodeld */,
			);
			path = Recipes_APP;
			sourceTree = "<group>";
		};
		EDAC52ED2922CA11007F4984 /* Recipes_APPTests */ = {
			isa = PBXGroup;
			children = (
				EDAC52EE2922CA11007F4984 /* Recipes_APPTests.swift */,
			);
			path = Recipes_APPTests;
			sourceTree = "<group>";
		};
		EDAC52F72922CA11007F4984 /* Recipes_APPUITests */ = {
			isa = PBXGroup;
			children = (
				EDAC52F82922CA11007F4984 /* Recipes_APPUITests.swift */,
				EDAC52FA2922CA11007F4984 /* Recipes_APPUITestsLaunchTests.swift */,
			);
			path = Recipes_APPUITests;
			sourceTree = "<group>";
		};
		EDAC53072922CACE007F4984 /* API */ = {
			isa = PBXGroup;
			children = (
				EDAC535A2922CB96007F4984 /* VC+CoreDataProcesses(CRUD).swift */,
				EDAC53082922CACF007F4984 /* Constants.swift */,
				EDAC53092922CACF007F4984 /* APIClient.swift */,
				EDAC530A2922CACF007F4984 /* APIRouter.swift */,
				EDAC530B2922CACF007F4984 /* Requests */,
				EDAC530E2922CACF007F4984 /* APIClient_Ext.swift */,
			);
			path = API;
			sourceTree = "<group>";
		};
		EDAC530B2922CACF007F4984 /* Requests */ = {
			isa = PBXGroup;
			children = (
				EDAC530C2922CACF007F4984 /* API_Get.swift */,
				EDAC530D2922CACF007F4984 /* API_Post.swift */,
			);
			path = Requests;
			sourceTree = "<group>";
		};
		EDAC530F2922CACF007F4984 /* Entities */ = {
			isa = PBXGroup;
			children = (
				EDAC53102922CACF007F4984 /* TotalNutrient.swift */,
				EDAC53112922CACF007F4984 /* Next.swift */,
				EDAC53122922CACF007F4984 /* Recipe.swift */,
				EDAC53132922CACF007F4984 /* Sub.swift */,
				EDAC53142922CACF007F4984 /* CA.swift */,
				EDAC53152922CACF007F4984 /* Recipes_Root.swift */,
				EDAC53162922CACF007F4984 /* Digest.swift */,
				EDAC53172922CACF007F4984 /* LARGE.swift */,
				EDAC53182922CACF007F4984 /* Link.swift */,
				EDAC53192922CACF007F4984 /* Hit.swift */,
				EDAC531A2922CACF007F4984 /* Image.swift */,
				EDAC531B2922CACF007F4984 /* TotalDaily.swift */,
				EDAC531C2922CACF007F4984 /* Ingredient.swift */,
			);
			path = Entities;
			sourceTree = "<group>";
		};
		EDAC531D2922CACF007F4984 /* SF */ = {
			isa = PBXGroup;
			children = (
				EDAC531E2922CACF007F4984 /* Header.h */,
				EDAC531F2922CACF007F4984 /* DesignableX */,
			);
			path = SF;
			sourceTree = "<group>";
		};
		EDAC531F2922CACF007F4984 /* DesignableX */ = {
			isa = PBXGroup;
			children = (
				EDAC53202922CACF007F4984 /* UIViewXRadialGradient.swift */,
				EDAC53212922CACF007F4984 /* UITextFieldX.swift */,
				EDAC53222922CACF007F4984 /* UIButtonX.swift */,
				EDAC53232922CACF007F4984 /* UILabelX.swift */,
				EDAC53242922CACF007F4984 /* UIViewAnchorPoint.swift */,
				EDAC53252922CACF007F4984 /* UIViewControllerX.swift */,
				EDAC53262922CACF007F4984 /* UIImageViewX.swift */,
				EDAC53272922CACF007F4984 /* UIViewX.swift */,
				EDAC53282922CACF007F4984 /* UIVisualEffectViewX.swift */,
				EDAC53292922CACF007F4984 /* UISliderX.swift */,
			);
			path = DesignableX;
			sourceTree = "<group>";
		};
		EDAC532A2922CACF007F4984 /* Helper */ = {
			isa = PBXGroup;
			children = (
				EDAC532B2922CACF007F4984 /* NetworkHelper.swift */,
				EDAC532C2922CACF007F4984 /* UIVC_Blur_Ext.swift */,
				EDAC532D2922CACF007F4984 /* Result_Error.swift */,
				EDAC532E2922CACF007F4984 /* Card View.swift */,
				EDAC532F2922CACF007F4984 /* UIVC_Alert_Ext.swift */,
				EDAC53302922CACF007F4984 /* Extensions.swift */,
				EDAC53312922CACF007F4984 /* UIImage.swift */,
				EDAC53322922CACF007F4984 /* Reload.swift */,
			);
			path = Helper;
			sourceTree = "<group>";
		};
		EDAC53592922CB5D007F4984 /* Scenes */ = {
			isa = PBXGroup;
			children = (
				EDAC535D2922CD8A007F4984 /* DetailsScreen */,
				EDAC535C2922CD62007F4984 /* SearchScreen */,
			);
			path = Scenes;
			sourceTree = "<group>";
		};
		EDAC535C2922CD62007F4984 /* SearchScreen */ = {
			isa = PBXGroup;
			children = (
				EDAC53622922CDCB007F4984 /* Interactor.swift */,
				EDAC53642922CDCB007F4984 /* Presenter.swift */,
				EDAC535E2922CDCA007F4984 /* Router.swift */,
				EDAC53632922CDCB007F4984 /* SearchVC.swift */,
				EDAC535F2922CDCA007F4984 /* SearchVC+Collection.swift */,
				EDAC53612922CDCB007F4984 /* SearchVC+SearchBarDelegate.swift */,
			);
			path = SearchScreen;
			sourceTree = "<group>";
		};
		EDAC535D2922CD8A007F4984 /* DetailsScreen */ = {
			isa = PBXGroup;
			children = (
			);
			path = DetailsScreen;
			sourceTree = "<group>";
		};
/* End PBXGroup section */

/* Begin PBXNativeTarget section */
		EDAC52D02922CA02007F4984 /* Recipes_APP */ = {
			isa = PBXNativeTarget;
			buildConfigurationList = EDAC52FE2922CA11007F4984 /* Build configuration list for PBXNativeTarget "Recipes_APP" */;
			buildPhases = (
				EDAC52CD2922CA02007F4984 /* Sources */,
				EDAC52CE2922CA02007F4984 /* Frameworks */,
				EDAC52CF2922CA02007F4984 /* Resources */,
			);
			buildRules = (
			);
			dependencies = (
			);
			name = Recipes_APP;
			productName = Recipes_APP;
			productReference = EDAC52D12922CA02007F4984 /* Recipes_APP.app */;
			productType = "com.apple.product-type.application";
		};
		EDAC52E92922CA11007F4984 /* Recipes_APPTests */ = {
			isa = PBXNativeTarget;
			buildConfigurationList = EDAC53012922CA11007F4984 /* Build configuration list for PBXNativeTarget "Recipes_APPTests" */;
			buildPhases = (
				EDAC52E62922CA11007F4984 /* Sources */,
				EDAC52E72922CA11007F4984 /* Frameworks */,
				EDAC52E82922CA11007F4984 /* Resources */,
			);
			buildRules = (
			);
			dependencies = (
				EDAC52EC2922CA11007F4984 /* PBXTargetDependency */,
			);
			name = Recipes_APPTests;
			productName = Recipes_APPTests;
			productReference = EDAC52EA2922CA11007F4984 /* Recipes_APPTests.xctest */;
			productType = "com.apple.product-type.bundle.unit-test";
		};
		EDAC52F32922CA11007F4984 /* Recipes_APPUITests */ = {
			isa = PBXNativeTarget;
			buildConfigurationList = EDAC53042922CA11007F4984 /* Build configuration list for PBXNativeTarget "Recipes_APPUITests" */;
			buildPhases = (
				EDAC52F02922CA11007F4984 /* Sources */,
				EDAC52F12922CA11007F4984 /* Frameworks */,
				EDAC52F22922CA11007F4984 /* Resources */,
			);
			buildRules = (
			);
			dependencies = (
				EDAC52F62922CA11007F4984 /* PBXTargetDependency */,
			);
			name = Recipes_APPUITests;
			productName = Recipes_APPUITests;
			productReference = EDAC52F42922CA11007F4984 /* Recipes_APPUITests.xctest */;
			productType = "com.apple.product-type.bundle.ui-testing";
		};
/* End PBXNativeTarget section */

/* Begin PBXProject section */
		EDAC52C92922CA02007F4984 /* Project object */ = {
			isa = PBXProject;
			attributes = {
				BuildIndependentTargetsInParallel = 1;
				LastSwiftUpdateCheck = 1340;
				LastUpgradeCheck = 1340;
				TargetAttributes = {
					EDAC52D02922CA02007F4984 = {
						CreatedOnToolsVersion = 13.4.1;
					};
					EDAC52E92922CA11007F4984 = {
						CreatedOnToolsVersion = 13.4.1;
						TestTargetID = EDAC52D02922CA02007F4984;
					};
					EDAC52F32922CA11007F4984 = {
						CreatedOnToolsVersion = 13.4.1;
						TestTargetID = EDAC52D02922CA02007F4984;
					};
				};
			};
			buildConfigurationList = EDAC52CC2922CA02007F4984 /* Build configuration list for PBXProject "Recipes_APP" */;
			compatibilityVersion = "Xcode 13.0";
			developmentRegion = en;
			hasScannedForEncodings = 0;
			knownRegions = (
				en,
				Base,
			);
			mainGroup = EDAC52C82922CA02007F4984;
			productRefGroup = EDAC52D22922CA02007F4984 /* Products */;
			projectDirPath = "";
			projectRoot = "";
			targets = (
				EDAC52D02922CA02007F4984 /* Recipes_APP */,
				EDAC52E92922CA11007F4984 /* Recipes_APPTests */,
				EDAC52F32922CA11007F4984 /* Recipes_APPUITests */,
			);
		};
/* End PBXProject section */

/* Begin PBXResourcesBuildPhase section */
		EDAC52CF2922CA02007F4984 /* Resources */ = {
			isa = PBXResourcesBuildPhase;
			buildActionMask = 2147483647;
			files = (
				EDAC52E42922CA10007F4984 /* LaunchScreen.storyboard in Resources */,
				EDAC52E12922CA10007F4984 /* Assets.xcassets in Resources */,
				EDAC52DC2922CA02007F4984 /* Main.storyboard in Resources */,
			);
			runOnlyForDeploymentPostprocessing = 0;
		};
		EDAC52E82922CA11007F4984 /* Resources */ = {
			isa = PBXResourcesBuildPhase;
			buildActionMask = 2147483647;
			files = (
			);
			runOnlyForDeploymentPostprocessing = 0;
		};
		EDAC52F22922CA11007F4984 /* Resources */ = {
			isa = PBXResourcesBuildPhase;
			buildActionMask = 2147483647;
			files = (
			);
			runOnlyForDeploymentPostprocessing = 0;
		};
/* End PBXResourcesBuildPhase section */

/* Begin PBXSourcesBuildPhase section */
		EDAC52CD2922CA02007F4984 /* Sources */ = {
			isa = PBXSourcesBuildPhase;
			buildActionMask = 2147483647;
			files = (
				EDAC53492922CAD0007F4984 /* UILabelX.swift in Sources */,
				EDAC53562922CAD0007F4984 /* UIImage.swift in Sources */,
				EDAC534B2922CAD0007F4984 /* UIViewControllerX.swift in Sources */,
				EDAC53512922CAD0007F4984 /* UIVC_Blur_Ext.swift in Sources */,
				EDAC533A2922CAD0007F4984 /* Next.swift in Sources */,
				EDAC53372922CAD0007F4984 /* API_Post.swift in Sources */,
				EDAC53462922CAD0007F4984 /* UIViewXRadialGradient.swift in Sources */,
				EDAC53352922CAD0007F4984 /* APIRouter.swift in Sources */,
				EDAC535B2922CB96007F4984 /* VC+CoreDataProcesses(CRUD).swift in Sources */,
				EDAC534E2922CAD0007F4984 /* UIVisualEffectViewX.swift in Sources */,
				EDAC53662922CDCB007F4984 /* SearchVC+Collection.swift in Sources */,
				EDAC53362922CAD0007F4984 /* API_Get.swift in Sources */,
				EDAC53452922CAD0007F4984 /* Ingredient.swift in Sources */,
				EDAC53382922CAD0007F4984 /* APIClient_Ext.swift in Sources */,
				EDAC53502922CAD0007F4984 /* NetworkHelper.swift in Sources */,
				EDAC534A2922CAD0007F4984 /* UIViewAnchorPoint.swift in Sources */,
				EDAC53522922CAD0007F4984 /* Result_Error.swift in Sources */,
				EDAC53422922CAD0007F4984 /* Hit.swift in Sources */,
				EDAC53472922CAD0007F4984 /* UITextFieldX.swift in Sources */,
				EDAC53332922CACF007F4984 /* Constants.swift in Sources */,
				EDAC53572922CAD0007F4984 /* Reload.swift in Sources */,
				EDAC53432922CAD0007F4984 /* Image.swift in Sources */,
				EDAC53442922CAD0007F4984 /* TotalDaily.swift in Sources */,
				EDAC52D92922CA02007F4984 /* ViewController.swift in Sources */,
				EDAC536A2922CDCB007F4984 /* SearchVC.swift in Sources */,
				EDAC52D52922CA02007F4984 /* AppDelegate.swift in Sources */,
				EDAC53542922CAD0007F4984 /* UIVC_Alert_Ext.swift in Sources */,
				EDAC534F2922CAD0007F4984 /* UISliderX.swift in Sources */,
				EDAC53692922CDCB007F4984 /* Interactor.swift in Sources */,
				EDAC533D2922CAD0007F4984 /* CA.swift in Sources */,
				EDAC53392922CAD0007F4984 /* TotalNutrient.swift in Sources */,
				EDAC534D2922CAD0007F4984 /* UIViewX.swift in Sources */,
				EDAC53682922CDCB007F4984 /* SearchVC+SearchBarDelegate.swift in Sources */,
				EDAC53532922CAD0007F4984 /* Card View.swift in Sources */,
				EDAC53652922CDCB007F4984 /* Router.swift in Sources */,
				EDAC52D72922CA02007F4984 /* SceneDelegate.swift in Sources */,
				EDAC533E2922CAD0007F4984 /* Recipes_Root.swift in Sources */,
				EDAC534C2922CAD0007F4984 /* UIImageViewX.swift in Sources */,
				EDAC53482922CAD0007F4984 /* UIButtonX.swift in Sources */,
				EDAC533B2922CAD0007F4984 /* Recipe.swift in Sources */,
				EDAC533F2922CAD0007F4984 /* Digest.swift in Sources */,
				EDAC52DF2922CA02007F4984 /* Recipes_APP.xcdatamodeld in Sources */,
				EDAC53552922CAD0007F4984 /* Extensions.swift in Sources */,
				EDAC536B2922CDCB007F4984 /* Presenter.swift in Sources */,
				EDAC53412922CAD0007F4984 /* Link.swift in Sources */,
				EDAC533C2922CAD0007F4984 /* Sub.swift in Sources */,
				EDAC53342922CAD0007F4984 /* APIClient.swift in Sources */,
				EDAC53402922CAD0007F4984 /* LARGE.swift in Sources */,
			);
			runOnlyForDeploymentPostprocessing = 0;
		};
		EDAC52E62922CA11007F4984 /* Sources */ = {
			isa = PBXSourcesBuildPhase;
			buildActionMask = 2147483647;
			files = (
				EDAC52EF2922CA11007F4984 /* Recipes_APPTests.swift in Sources */,
			);
			runOnlyForDeploymentPostprocessing = 0;
		};
		EDAC52F02922CA11007F4984 /* Sources */ = {
			isa = PBXSourcesBuildPhase;
			buildActionMask = 2147483647;
			files = (
				EDAC52FB2922CA11007F4984 /* Recipes_APPUITestsLaunchTests.swift in Sources */,
				EDAC52F92922CA11007F4984 /* Recipes_APPUITests.swift in Sources */,
			);
			runOnlyForDeploymentPostprocessing = 0;
		};
/* End PBXSourcesBuildPhase section */

/* Begin PBXTargetDependency section */
		EDAC52EC2922CA11007F4984 /* PBXTargetDependency */ = {
			isa = PBXTargetDependency;
			target = EDAC52D02922CA02007F4984 /* Recipes_APP */;
			targetProxy = EDAC52EB2922CA11007F4984 /* PBXContainerItemProxy */;
		};
		EDAC52F62922CA11007F4984 /* PBXTargetDependency */ = {
			isa = PBXTargetDependency;
			target = EDAC52D02922CA02007F4984 /* Recipes_APP */;
			targetProxy = EDAC52F52922CA11007F4984 /* PBXContainerItemProxy */;
		};
/* End PBXTargetDependency section */

/* Begin PBXVariantGroup section */
		EDAC52DA2922CA02007F4984 /* Main.storyboard */ = {
			isa = PBXVariantGroup;
			children = (
				EDAC52DB2922CA02007F4984 /* Base */,
			);
			name = Main.storyboard;
			sourceTree = "<group>";
		};
		EDAC52E22922CA10007F4984 /* LaunchScreen.storyboard */ = {
			isa = PBXVariantGroup;
			children = (
				EDAC52E32922CA10007F4984 /* Base */,
			);
			name = LaunchScreen.storyboard;
			sourceTree = "<group>";
		};
/* End PBXVariantGroup section */

/* Begin XCBuildConfiguration section */
		EDAC52FC2922CA11007F4984 /* Debug */ = {
			isa = XCBuildConfiguration;
			buildSettings = {
				ALWAYS_SEARCH_USER_PATHS = NO;
				CLANG_ANALYZER_NONNULL = YES;
				CLANG_ANALYZER_NUMBER_OBJECT_CONVERSION = YES_AGGRESSIVE;
				CLANG_CXX_LANGUAGE_STANDARD = "gnu++17";
				CLANG_ENABLE_MODULES = YES;
				CLANG_ENABLE_OBJC_ARC = YES;
				CLANG_ENABLE_OBJC_WEAK = YES;
				CLANG_WARN_BLOCK_CAPTURE_AUTORELEASING = YES;
				CLANG_WARN_BOOL_CONVERSION = YES;
				CLANG_WARN_COMMA = YES;
				CLANG_WARN_CONSTANT_CONVERSION = YES;
				CLANG_WARN_DEPRECATED_OBJC_IMPLEMENTATIONS = YES;
				CLANG_WARN_DIRECT_OBJC_ISA_USAGE = YES_ERROR;
				CLANG_WARN_DOCUMENTATION_COMMENTS = YES;
				CLANG_WARN_EMPTY_BODY = YES;
				CLANG_WARN_ENUM_CONVERSION = YES;
				CLANG_WARN_INFINITE_RECURSION = YES;
				CLANG_WARN_INT_CONVERSION = YES;
				CLANG_WARN_NON_LITERAL_NULL_CONVERSION = YES;
				CLANG_WARN_OBJC_IMPLICIT_RETAIN_SELF = YES;
				CLANG_WARN_OBJC_LITERAL_CONVERSION = YES;
				CLANG_WARN_OBJC_ROOT_CLASS = YES_ERROR;
				CLANG_WARN_QUOTED_INCLUDE_IN_FRAMEWORK_HEADER = YES;
				CLANG_WARN_RANGE_LOOP_ANALYSIS = YES;
				CLANG_WARN_STRICT_PROTOTYPES = YES;
				CLANG_WARN_SUSPICIOUS_MOVE = YES;
				CLANG_WARN_UNGUARDED_AVAILABILITY = YES_AGGRESSIVE;
				CLANG_WARN_UNREACHABLE_CODE = YES;
				CLANG_WARN__DUPLICATE_METHOD_MATCH = YES;
				COPY_PHASE_STRIP = NO;
				DEBUG_INFORMATION_FORMAT = dwarf;
				ENABLE_STRICT_OBJC_MSGSEND = YES;
				ENABLE_TESTABILITY = YES;
				GCC_C_LANGUAGE_STANDARD = gnu11;
				GCC_DYNAMIC_NO_PIC = NO;
				GCC_NO_COMMON_BLOCKS = YES;
				GCC_OPTIMIZATION_LEVEL = 0;
				GCC_PREPROCESSOR_DEFINITIONS = (
					"DEBUG=1",
					"$(inherited)",
				);
				GCC_WARN_64_TO_32_BIT_CONVERSION = YES;
				GCC_WARN_ABOUT_RETURN_TYPE = YES_ERROR;
				GCC_WARN_UNDECLARED_SELECTOR = YES;
				GCC_WARN_UNINITIALIZED_AUTOS = YES_AGGRESSIVE;
				GCC_WARN_UNUSED_FUNCTION = YES;
				GCC_WARN_UNUSED_VARIABLE = YES;
				IPHONEOS_DEPLOYMENT_TARGET = 15.5;
				MTL_ENABLE_DEBUG_INFO = INCLUDE_SOURCE;
				MTL_FAST_MATH = YES;
				ONLY_ACTIVE_ARCH = YES;
				SDKROOT = iphoneos;
				SWIFT_ACTIVE_COMPILATION_CONDITIONS = DEBUG;
				SWIFT_OPTIMIZATION_LEVEL = "-Onone";
			};
			name = Debug;
		};
		EDAC52FD2922CA11007F4984 /* Release */ = {
			isa = XCBuildConfiguration;
			buildSettings = {
				ALWAYS_SEARCH_USER_PATHS = NO;
				CLANG_ANALYZER_NONNULL = YES;
				CLANG_ANALYZER_NUMBER_OBJECT_CONVERSION = YES_AGGRESSIVE;
				CLANG_CXX_LANGUAGE_STANDARD = "gnu++17";
				CLANG_ENABLE_MODULES = YES;
				CLANG_ENABLE_OBJC_ARC = YES;
				CLANG_ENABLE_OBJC_WEAK = YES;
				CLANG_WARN_BLOCK_CAPTURE_AUTORELEASING = YES;
				CLANG_WARN_BOOL_CONVERSION = YES;
				CLANG_WARN_COMMA = YES;
				CLANG_WARN_CONSTANT_CONVERSION = YES;
				CLANG_WARN_DEPRECATED_OBJC_IMPLEMENTATIONS = YES;
				CLANG_WARN_DIRECT_OBJC_ISA_USAGE = YES_ERROR;
				CLANG_WARN_DOCUMENTATION_COMMENTS = YES;
				CLANG_WARN_EMPTY_BODY = YES;
				CLANG_WARN_ENUM_CONVERSION = YES;
				CLANG_WARN_INFINITE_RECURSION = YES;
				CLANG_WARN_INT_CONVERSION = YES;
				CLANG_WARN_NON_LITERAL_NULL_CONVERSION = YES;
				CLANG_WARN_OBJC_IMPLICIT_RETAIN_SELF = YES;
				CLANG_WARN_OBJC_LITERAL_CONVERSION = YES;
				CLANG_WARN_OBJC_ROOT_CLASS = YES_ERROR;
				CLANG_WARN_QUOTED_INCLUDE_IN_FRAMEWORK_HEADER = YES;
				CLANG_WARN_RANGE_LOOP_ANALYSIS = YES;
				CLANG_WARN_STRICT_PROTOTYPES = YES;
				CLANG_WARN_SUSPICIOUS_MOVE = YES;
				CLANG_WARN_UNGUARDED_AVAILABILITY = YES_AGGRESSIVE;
				CLANG_WARN_UNREACHABLE_CODE = YES;
				CLANG_WARN__DUPLICATE_METHOD_MATCH = YES;
				COPY_PHASE_STRIP = NO;
				DEBUG_INFORMATION_FORMAT = "dwarf-with-dsym";
				ENABLE_NS_ASSERTIONS = NO;
				ENABLE_STRICT_OBJC_MSGSEND = YES;
				GCC_C_LANGUAGE_STANDARD = gnu11;
				GCC_NO_COMMON_BLOCKS = YES;
				GCC_WARN_64_TO_32_BIT_CONVERSION = YES;
				GCC_WARN_ABOUT_RETURN_TYPE = YES_ERROR;
				GCC_WARN_UNDECLARED_SELECTOR = YES;
				GCC_WARN_UNINITIALIZED_AUTOS = YES_AGGRESSIVE;
				GCC_WARN_UNUSED_FUNCTION = YES;
				GCC_WARN_UNUSED_VARIABLE = YES;
				IPHONEOS_DEPLOYMENT_TARGET = 15.5;
				MTL_ENABLE_DEBUG_INFO = NO;
				MTL_FAST_MATH = YES;
				SDKROOT = iphoneos;
				SWIFT_COMPILATION_MODE = wholemodule;
				SWIFT_OPTIMIZATION_LEVEL = "-O";
				VALIDATE_PRODUCT = YES;
			};
			name = Release;
		};
		EDAC52FF2922CA11007F4984 /* Debug */ = {
			isa = XCBuildConfiguration;
			buildSettings = {
				ASSETCATALOG_COMPILER_APPICON_NAME = AppIcon;
				ASSETCATALOG_COMPILER_GLOBAL_ACCENT_COLOR_NAME = AccentColor;
				CODE_SIGN_STYLE = Automatic;
				CURRENT_PROJECT_VERSION = 1;
				GENERATE_INFOPLIST_FILE = YES;
				INFOPLIST_FILE = Recipes_APP/Info.plist;
				INFOPLIST_KEY_UIApplicationSupportsIndirectInputEvents = YES;
				INFOPLIST_KEY_UILaunchStoryboardName = LaunchScreen;
				INFOPLIST_KEY_UIMainStoryboardFile = Main;
				INFOPLIST_KEY_UISupportedInterfaceOrientations_iPad = "UIInterfaceOrientationPortrait UIInterfaceOrientationPortraitUpsideDown UIInterfaceOrientationLandscapeLeft UIInterfaceOrientationLandscapeRight";
				INFOPLIST_KEY_UISupportedInterfaceOrientations_iPhone = "UIInterfaceOrientationPortrait UIInterfaceOrientationLandscapeLeft UIInterfaceOrientationLandscapeRight";
				LD_RUNPATH_SEARCH_PATHS = (
					"$(inherited)",
					"@executable_path/Frameworks",
				);
				MARKETING_VERSION = 1.0;
				PRODUCT_BUNDLE_IDENTIFIER = "com.68lion.Recipes-APP";
				PRODUCT_NAME = "$(TARGET_NAME)";
				SWIFT_EMIT_LOC_STRINGS = YES;
				SWIFT_VERSION = 5.0;
				TARGETED_DEVICE_FAMILY = "1,2";
			};
			name = Debug;
		};
		EDAC53002922CA11007F4984 /* Release */ = {
			isa = XCBuildConfiguration;
			buildSettings = {
				ASSETCATALOG_COMPILER_APPICON_NAME = AppIcon;
				ASSETCATALOG_COMPILER_GLOBAL_ACCENT_COLOR_NAME = AccentColor;
				CODE_SIGN_STYLE = Automatic;
				CURRENT_PROJECT_VERSION = 1;
				GENERATE_INFOPLIST_FILE = YES;
				INFOPLIST_FILE = Recipes_APP/Info.plist;
				INFOPLIST_KEY_UIApplicationSupportsIndirectInputEvents = YES;
				INFOPLIST_KEY_UILaunchStoryboardName = LaunchScreen;
				INFOPLIST_KEY_UIMainStoryboardFile = Main;
				INFOPLIST_KEY_UISupportedInterfaceOrientations_iPad = "UIInterfaceOrientationPortrait UIInterfaceOrientationPortraitUpsideDown UIInterfaceOrientationLandscapeLeft UIInterfaceOrientationLandscapeRight";
				INFOPLIST_KEY_UISupportedInterfaceOrientations_iPhone = "UIInterfaceOrientationPortrait UIInterfaceOrientationLandscapeLeft UIInterfaceOrientationLandscapeRight";
				LD_RUNPATH_SEARCH_PATHS = (
					"$(inherited)",
					"@executable_path/Frameworks",
				);
				MARKETING_VERSION = 1.0;
				PRODUCT_BUNDLE_IDENTIFIER = "com.68lion.Recipes-APP";
				PRODUCT_NAME = "$(TARGET_NAME)";
				SWIFT_EMIT_LOC_STRINGS = YES;
				SWIFT_VERSION = 5.0;
				TARGETED_DEVICE_FAMILY = "1,2";
			};
			name = Release;
		};
		EDAC53022922CA11007F4984 /* Debug */ = {
			isa = XCBuildConfiguration;
			buildSettings = {
				ALWAYS_EMBED_SWIFT_STANDARD_LIBRARIES = YES;
				BUNDLE_LOADER = "$(TEST_HOST)";
				CODE_SIGN_STYLE = Automatic;
				CURRENT_PROJECT_VERSION = 1;
				GENERATE_INFOPLIST_FILE = YES;
				IPHONEOS_DEPLOYMENT_TARGET = 15.5;
				MARKETING_VERSION = 1.0;
				PRODUCT_BUNDLE_IDENTIFIER = "com.68lion.Recipes-APPTests";
				PRODUCT_NAME = "$(TARGET_NAME)";
				SWIFT_EMIT_LOC_STRINGS = NO;
				SWIFT_VERSION = 5.0;
				TARGETED_DEVICE_FAMILY = "1,2";
				TEST_HOST = "$(BUILT_PRODUCTS_DIR)/Recipes_APP.app/Recipes_APP";
			};
			name = Debug;
		};
		EDAC53032922CA11007F4984 /* Release */ = {
			isa = XCBuildConfiguration;
			buildSettings = {
				ALWAYS_EMBED_SWIFT_STANDARD_LIBRARIES = YES;
				BUNDLE_LOADER = "$(TEST_HOST)";
				CODE_SIGN_STYLE = Automatic;
				CURRENT_PROJECT_VERSION = 1;
				GENERATE_INFOPLIST_FILE = YES;
				IPHONEOS_DEPLOYMENT_TARGET = 15.5;
				MARKETING_VERSION = 1.0;
				PRODUCT_BUNDLE_IDENTIFIER = "com.68lion.Recipes-APPTests";
				PRODUCT_NAME = "$(TARGET_NAME)";
				SWIFT_EMIT_LOC_STRINGS = NO;
				SWIFT_VERSION = 5.0;
				TARGETED_DEVICE_FAMILY = "1,2";
				TEST_HOST = "$(BUILT_PRODUCTS_DIR)/Recipes_APP.app/Recipes_APP";
			};
			name = Release;
		};
		EDAC53052922CA11007F4984 /* Debug */ = {
			isa = XCBuildConfiguration;
			buildSettings = {
				ALWAYS_EMBED_SWIFT_STANDARD_LIBRARIES = YES;
				CODE_SIGN_STYLE = Automatic;
				CURRENT_PROJECT_VERSION = 1;
				GENERATE_INFOPLIST_FILE = YES;
				MARKETING_VERSION = 1.0;
				PRODUCT_BUNDLE_IDENTIFIER = "com.68lion.Recipes-APPUITests";
				PRODUCT_NAME = "$(TARGET_NAME)";
				SWIFT_EMIT_LOC_STRINGS = NO;
				SWIFT_VERSION = 5.0;
				TARGETED_DEVICE_FAMILY = "1,2";
				TEST_TARGET_NAME = Recipes_APP;
			};
			name = Debug;
		};
		EDAC53062922CA11007F4984 /* Release */ = {
			isa = XCBuildConfiguration;
			buildSettings = {
				ALWAYS_EMBED_SWIFT_STANDARD_LIBRARIES = YES;
				CODE_SIGN_STYLE = Automatic;
				CURRENT_PROJECT_VERSION = 1;
				GENERATE_INFOPLIST_FILE = YES;
				MARKETING_VERSION = 1.0;
				PRODUCT_BUNDLE_IDENTIFIER = "com.68lion.Recipes-APPUITests";
				PRODUCT_NAME = "$(TARGET_NAME)";
				SWIFT_EMIT_LOC_STRINGS = NO;
				SWIFT_VERSION = 5.0;
				TARGETED_DEVICE_FAMILY = "1,2";
				TEST_TARGET_NAME = Recipes_APP;
			};
			name = Release;
		};
/* End XCBuildConfiguration section */

/* Begin XCConfigurationList section */
		EDAC52CC2922CA02007F4984 /* Build configuration list for PBXProject "Recipes_APP" */ = {
			isa = XCConfigurationList;
			buildConfigurations = (
				EDAC52FC2922CA11007F4984 /* Debug */,
				EDAC52FD2922CA11007F4984 /* Release */,
			);
			defaultConfigurationIsVisible = 0;
			defaultConfigurationName = Release;
		};
		EDAC52FE2922CA11007F4984 /* Build configuration list for PBXNativeTarget "Recipes_APP" */ = {
			isa = XCConfigurationList;
			buildConfigurations = (
				EDAC52FF2922CA11007F4984 /* Debug */,
				EDAC53002922CA11007F4984 /* Release */,
			);
			defaultConfigurationIsVisible = 0;
			defaultConfigurationName = Release;
		};
		EDAC53012922CA11007F4984 /* Build configuration list for PBXNativeTarget "Recipes_APPTests" */ = {
			isa = XCConfigurationList;
			buildConfigurations = (
				EDAC53022922CA11007F4984 /* Debug */,
				EDAC53032922CA11007F4984 /* Release */,
			);
			defaultConfigurationIsVisible = 0;
			defaultConfigurationName = Release;
		};
		EDAC53042922CA11007F4984 /* Build configuration list for PBXNativeTarget "Recipes_APPUITests" */ = {
			isa = XCConfigurationList;
			buildConfigurations = (
				EDAC53052922CA11007F4984 /* Debug */,
				EDAC53062922CA11007F4984 /* Release */,
			);
			defaultConfigurationIsVisible = 0;
			defaultConfigurationName = Release;
		};
/* End XCConfigurationList section */

/* Begin XCVersionGroup section */
		EDAC52DD2922CA02007F4984 /* Recipes_APP.xcdatamodeld */ = {
			isa = XCVersionGroup;
			children = (
				EDAC52DE2922CA02007F4984 /* Recipes_APP.xcdatamodel */,
			);
			currentVersion = EDAC52DE2922CA02007F4984 /* Recipes_APP.xcdatamodel */;
			path = Recipes_APP.xcdatamodeld;
			sourceTree = "<group>";
			versionGroupType = wrapper.xcdatamodel;
		};
/* End XCVersionGroup section */
	};
	rootObject = EDAC52C92922CA02007F4984 /* Project object */;
}
